
Microsoft Visual Studio Solution File, Format Version 12.00
# Visual Studio Version 16
VisualStudioVersion = 16.0.32228.343
MinimumVisualStudioVersion = 10.0.40219.1
Project("{FAE04EC0-301F-11D3-BF4B-00C04F79EFBC}") = "WebApplication1", "WebApplication1\WebApplication1.csproj", "{02ACB393-627D-4CBB-A9EA-B339EC93A973}"
EndProject
Global
	GlobalSection(SolutionConfigurationPlatforms) = preSolution
		Debug|Any CPU = Debug|Any CPU
		Release|Any CPU = Release|Any CPU
	EndGlobalSection
	GlobalSection(ProjectConfigurationPlatforms) = postSolution
		{02ACB393-627D-4CBB-A9EA-B339EC93A973}.Debug|Any CPU.ActiveCfg = Debug|Any CPU
		{02ACB393-627D-4CBB-A9EA-B339EC93A973}.Debug|Any CPU.Build.0 = Debug|Any CPU
		{02ACB393-627D-4CBB-A9EA-B339EC93A973}.Release|Any CPU.ActiveCfg = Release|Any CPU
		{02ACB393-627D-4CBB-A9EA-B339EC93A973}.Release|Any CPU.Build.0 = Release|Any CPU
	EndGlobalSection
	GlobalSection(SolutionProperties) = preSolution
		HideSolutionNode = FALSE
	EndGlobalSection
	GlobalSection(ExtensibilityGlobals) = postSolution
		SolutionGuid = {5CE2D2D2-3E7D-4298-BF35-76278BB3BCF6}
	EndGlobalSection
EndGlobal
